{
	"name": "@aleksey/Table",
	"version": "1.0.3",
	"lockfileVersion": 1,
	"requires": true,
	"dependencies": {
		"@aleksey/button": {
			"version": "1.0.3",
			"resolved": "https://registry.npmjs.org/@aleksey/button/-/button-1.0.3.tgz",
			"integrity": "sha512-OPdxzbAV7R4cJcXNcWQiw00Tji7OTLiK7GX2ShtCbRikmQxYDO2n2kB2jmk/QunRfp+XM/9sxyx7PPEt/fdDgg==",
			"requires": {
				"lodash": "^4.17.15"
			}
		},
		"@aleksey/text": {
			"version": "1.0.3",
			"resolved": "https://registry.npmjs.org/@aleksey/text/-/text-1.0.3.tgz",
			"integrity": "sha512-CLk4o2xTTTv8c6BwHSCNcIJQxTCC7oawzYWpBfWwaXpP7WRYDluRcDrGsKu/CJMefKGrBYUjb4sp0P1AQzCSbQ==",
			"requires": {
				"lodash": "^4.17.15"
			}
		},
		"lodash": {
			"version": "4.17.21",
			"resolved": "https://registry.npmjs.org/lodash/-/lodash-4.17.21.tgz",
			"integrity": "sha512-v2kDEe57lecTulaDIuNTPy3Ry4gLGJ6Z1O3vE1krgXZNrsQ+LFTGHVxVjcXPs17LhbZVGedAJv8XZ1tvj5FvSg=="
		}
	}
}
